lockfileVersion: 5.3

importers:

  .:
    specifiers:
      '@types/jest': 26.0.20
      raw-loader: 4.0.2
      twig: 1.15.4
      twig-html-loader: 0.1.9
      twig-loader: 0.5.5
    dependencies:
      raw-loader: registry.npmjs.org/raw-loader/4.0.2
      twig: registry.npmjs.org/twig/1.15.4
      twig-html-loader: registry.npmjs.org/twig-html-loader/0.1.9
      twig-loader: registry.npmjs.org/twig-loader/0.5.5
    devDependencies:
      '@types/jest': registry.npmjs.org/@types/jest/26.0.20

  pds/html/quote:
    specifiers: {}

packages:

  registry.npmjs.org/@babel/runtime/7.17.2:
    resolution: {integrity: sha512-hzeyJyMA1YGdJTuWU0e/j4wKXrU4OMFvY2MSlaI9B7VQb0r5cxTE3EAIS2Q7Tn2RIcDkRvTA/v2JsAEhxe99uw==, registry: https://node.bit.dev/, tarball: https://registry.npmjs.org/@babel/runtime/-/runtime-7.17.2.tgz}
    name: '@babel/runtime'
    version: 7.17.2
    engines: {node: '>=6.9.0'}
    dependencies:
      regenerator-runtime: registry.npmjs.org/regenerator-runtime/0.13.9
    dev: false

  registry.npmjs.org/@jest/types/26.6.2:
    resolution: {integrity: sha512-fC6QCp7Sc5sX6g8Tvbmj4XUTbyrik0akgRy03yjXbQaBWWNWGE7SGtJk98m0N8nzegD/7SggrUlivxo5ax4KWQ==, registry: https://node.bit.dev/, tarball: https://registry.npmjs.org/@jest/types/-/types-26.6.2.tgz}
    name: '@jest/types'
    version: 26.6.2
    engines: {node: '>= 10.14.2'}
    dependencies:
      '@types/istanbul-lib-coverage': registry.npmjs.org/@types/istanbul-lib-coverage/2.0.4
      '@types/istanbul-reports': registry.npmjs.org/@types/istanbul-reports/3.0.1
      '@types/node': registry.npmjs.org/@types/node/17.0.21
      '@types/yargs': registry.npmjs.org/@types/yargs/15.0.14
      chalk: registry.npmjs.org/chalk/4.1.2
    dev: true

  registry.npmjs.org/@types/istanbul-lib-coverage/2.0.4:
    resolution: {integrity: sha512-z/QT1XN4K4KYuslS23k62yDIDLwLFkzxOuMplDtObz0+y7VqJCaO2o+SPwHCvLFZh7xazvvoor2tA/hPz9ee7g==, registry: https://node.bit.dev/, tarball: https://registry.npmjs.org/@types/istanbul-lib-coverage/-/istanbul-lib-coverage-2.0.4.tgz}
    name: '@types/istanbul-lib-coverage'
    version: 2.0.4
    dev: true

  registry.npmjs.org/@types/istanbul-lib-report/3.0.0:
    resolution: {integrity: sha512-plGgXAPfVKFoYfa9NpYDAkseG+g6Jr294RqeqcqDixSbU34MZVJRi/P+7Y8GDpzkEwLaGZZOpKIEmeVZNtKsrg==, registry: https://node.bit.dev/, tarball: https://registry.npmjs.org/@types/istanbul-lib-report/-/istanbul-lib-report-3.0.0.tgz}
    name: '@types/istanbul-lib-report'
    version: 3.0.0
    dependencies:
      '@types/istanbul-lib-coverage': registry.npmjs.org/@types/istanbul-lib-coverage/2.0.4
    dev: true

  registry.npmjs.org/@types/istanbul-reports/3.0.1:
    resolution: {integrity: sha512-c3mAZEuK0lvBp8tmuL74XRKn1+y2dcwOUpH7x4WrF6gk1GIgiluDRgMYQtw2OFcBvAJWlt6ASU3tSqxp0Uu0Aw==, registry: https://node.bit.dev/, tarball: https://registry.npmjs.org/@types/istanbul-reports/-/istanbul-reports-3.0.1.tgz}
    name: '@types/istanbul-reports'
    version: 3.0.1
    dependencies:
      '@types/istanbul-lib-report': registry.npmjs.org/@types/istanbul-lib-report/3.0.0
    dev: true

  registry.npmjs.org/@types/jest/26.0.20:
    resolution: {integrity: sha512-9zi2Y+5USJRxd0FsahERhBwlcvFh6D2GLQnY2FH2BzK8J9s9omvNHIbvABwIluXa0fD8XVKMLTO0aOEuUfACAA==, registry: https://node.bit.dev/, tarball: https://registry.npmjs.org/@types/jest/-/jest-26.0.20.tgz}
    name: '@types/jest'
    version: 26.0.20
    dependencies:
      jest-diff: registry.npmjs.org/jest-diff/26.6.2
      pretty-format: registry.npmjs.org/pretty-format/26.6.2
    dev: true

  registry.npmjs.org/@types/json-schema/7.0.9:
    resolution: {integrity: sha512-qcUXuemtEu+E5wZSJHNxUXeCZhAfXKQ41D+duX+VYPde7xyEVZci+/oXKJL13tnRs9lR2pr4fod59GT6/X1/yQ==, registry: https://node.bit.dev/, tarball: https://registry.npmjs.org/@types/json-schema/-/json-schema-7.0.9.tgz}
    name: '@types/json-schema'
    version: 7.0.9
    dev: false

  registry.npmjs.org/@types/node/17.0.21:
    resolution: {integrity: sha512-DBZCJbhII3r90XbQxI8Y9IjjiiOGlZ0Hr32omXIZvwwZ7p4DMMXGrKXVyPfuoBOri9XNtL0UK69jYIBIsRX3QQ==, registry: https://node.bit.dev/, tarball: https://registry.npmjs.org/@types/node/-/node-17.0.21.tgz}
    name: '@types/node'
    version: 17.0.21
    dev: true

  registry.npmjs.org/@types/yargs-parser/20.2.1:
    resolution: {integrity: sha512-7tFImggNeNBVMsn0vLrpn1H1uPrUBdnARPTpZoitY37ZrdJREzf7I16tMrlK3hen349gr1NYh8CmZQa7CTG6Aw==, registry: https://node.bit.dev/, tarball: https://registry.npmjs.org/@types/yargs-parser/-/yargs-parser-20.2.1.tgz}
    name: '@types/yargs-parser'
    version: 20.2.1
    dev: true

  registry.npmjs.org/@types/yargs/15.0.14:
    resolution: {integrity: sha512-yEJzHoxf6SyQGhBhIYGXQDSCkJjB6HohDShto7m8vaKg9Yp0Yn8+71J9eakh2bnPg6BfsH9PRMhiRTZnd4eXGQ==, registry: https://node.bit.dev/, tarball: https://registry.npmjs.org/@types/yargs/-/yargs-15.0.14.tgz}
    name: '@types/yargs'
    version: 15.0.14
    dependencies:
      '@types/yargs-parser': registry.npmjs.org/@types/yargs-parser/20.2.1
    dev: true

  registry.npmjs.org/ajv-keywords/3.5.2_ajv@6.12.6:
    resolution: {integrity: sha512-5p6WTN0DdTGVQk6VjcEju19IgaHudalcfabD7yhDGeA6bcQnmL+CpveLJq/3hvfwd1aof6L386Ougkx6RfyMIQ==, registry: https://node.bit.dev/, tarball: https://registry.npmjs.org/ajv-keywords/-/ajv-keywords-3.5.2.tgz}
    id: registry.npmjs.org/ajv-keywords/3.5.2
    name: ajv-keywords
    version: 3.5.2
    peerDependencies:
      ajv: ^6.9.1
    dependencies:
      ajv: registry.npmjs.org/ajv/6.12.6
    dev: false

  registry.npmjs.org/ajv/6.12.6:
    resolution: {integrity: sha512-j3fVLgvTo527anyYyJOGTYJbG+vnnQYvE0m5mmkc1TK+nxAppkCLMIL0aZ4dblVCNoGShhm+kzE4ZUykBoMg4g==, registry: https://node.bit.dev/, tarball: https://registry.npmjs.org/ajv/-/ajv-6.12.6.tgz}
    name: ajv
    version: 6.12.6
    dependencies:
      fast-deep-equal: registry.npmjs.org/fast-deep-equal/3.1.3
      fast-json-stable-stringify: registry.npmjs.org/fast-json-stable-stringify/2.1.0
      json-schema-traverse: registry.npmjs.org/json-schema-traverse/0.4.1
      uri-js: registry.npmjs.org/uri-js/4.4.1
    dev: false

  registry.npmjs.org/ansi-regex/5.0.1:
    resolution: {integrity: sha512-quJQXlTSUGL2LH9SUXo8VwsY4soanhgo6LNSm84E1LBcE8s3O0wpdiRzyR9z/ZZJMlMWv37qOOb9pdJlMUEKFQ==, registry: https://node.bit.dev/, tarball: https://registry.npmjs.org/ansi-regex/-/ansi-regex-5.0.1.tgz}
    name: ansi-regex
    version: 5.0.1
    engines: {node: '>=8'}
    dev: true

  registry.npmjs.org/ansi-styles/4.3.0:
    resolution: {integrity: sha512-zbB9rCJAT1rbjiVDb2hqKFHNYLxgtk8NURxZ3IZwD3F6NtxbXZQCnnSi1Lkx+IDohdPlFp222wVALIheZJQSEg==, registry: https://node.bit.dev/, tarball: https://registry.npmjs.org/ansi-styles/-/ansi-styles-4.3.0.tgz}
    name: ansi-styles
    version: 4.3.0
    engines: {node: '>=8'}
    dependencies:
      color-convert: registry.npmjs.org/color-convert/2.0.1
    dev: true

  registry.npmjs.org/async/2.6.3:
    resolution: {integrity: sha512-zflvls11DCy+dQWzTW2dzuilv8Z5X/pjfmZOWba6TNIVDm+2UDaJmXSOXlasHKfNBs8oo3M0aT50fDEWfKZjXg==, registry: https://node.bit.dev/, tarball: https://registry.npmjs.org/async/-/async-2.6.3.tgz}
    name: async
    version: 2.6.3
    dependencies:
      lodash: registry.npmjs.org/lodash/4.17.21
    dev: false

  registry.npmjs.org/balanced-match/1.0.2:
    resolution: {integrity: sha512-3oSeUO0TMV67hN1AmbXsK4yaqU7tjiHlbxRDZOpH0KW9+CeX4bRAaX0Anxt0tx2MrpRpWwQaPwIlISEJhYU5Pw==, registry: https://node.bit.dev/, tarball: https://registry.npmjs.org/balanced-match/-/balanced-match-1.0.2.tgz}
    name: balanced-match
    version: 1.0.2
    dev: false

  registry.npmjs.org/big.js/5.2.2:
    resolution: {integrity: sha512-vyL2OymJxmarO8gxMr0mhChsO9QGwhynfuu4+MHTAW6czfq9humCB7rKpUjDd9YUiDPU4mzpyupFSvOClAwbmQ==, registry: https://node.bit.dev/, tarball: https://registry.npmjs.org/big.js/-/big.js-5.2.2.tgz}
    name: big.js
    version: 5.2.2
    dev: false

  registry.npmjs.org/brace-expansion/1.1.11:
    resolution: {integrity: sha512-iCuPHDFgrHX7H2vEI/5xpz07zSHB00TpugqhmYtVmMO6518mCuRMoOYFldEBl0g187ufozdaHgWKcYFb61qGiA==, registry: https://node.bit.dev/, tarball: https://registry.npmjs.org/brace-expansion/-/brace-expansion-1.1.11.tgz}
    name: brace-expansion
    version: 1.1.11
    dependencies:
      balanced-match: registry.npmjs.org/balanced-match/1.0.2
      concat-map: registry.npmjs.org/concat-map/0.0.1
    dev: false

  registry.npmjs.org/chalk/4.1.2:
    resolution: {integrity: sha512-oKnbhFyRIXpUuez8iBMmyEa4nbj4IOQyuhc/wy9kY7/WVPcwIO9VA668Pu8RkO7+0G76SLROeyw9CpQ061i4mA==, registry: https://node.bit.dev/, tarball: https://registry.npmjs.org/chalk/-/chalk-4.1.2.tgz}
    name: chalk
    version: 4.1.2
    engines: {node: '>=10'}
    dependencies:
      ansi-styles: registry.npmjs.org/ansi-styles/4.3.0
      supports-color: registry.npmjs.org/supports-color/7.2.0
    dev: true

  registry.npmjs.org/color-convert/2.0.1:
    resolution: {integrity: sha512-RRECPsj7iu/xb5oKYcsFHSppFNnsj/52OVTRKb4zP5onXwVF3zVmmToNcOfGC+CRDpfK/U584fMg38ZHCaElKQ==, registry: https://node.bit.dev/, tarball: https://registry.npmjs.org/color-convert/-/color-convert-2.0.1.tgz}
    name: color-convert
    version: 2.0.1
    engines: {node: '>=7.0.0'}
    dependencies:
      color-name: registry.npmjs.org/color-name/1.1.4
    dev: true

  registry.npmjs.org/color-name/1.1.4:
    resolution: {integrity: sha512-dOy+3AuW3a2wNbZHIuMZpTcgjGuLU/uBL/ubcZF9OXbDo8ff4O8yVp5Bf0efS8uEoYo5q4Fx7dY9OgQGXgAsQA==, registry: https://node.bit.dev/, tarball: https://registry.npmjs.org/color-name/-/color-name-1.1.4.tgz}
    name: color-name
    version: 1.1.4
    dev: true

  registry.npmjs.org/concat-map/0.0.1:
    resolution: {integrity: sha1-2Klr13/Wjfd5OnMDajug1UBdR3s=, registry: https://node.bit.dev/, tarball: https://registry.npmjs.org/concat-map/-/concat-map-0.0.1.tgz}
    name: concat-map
    version: 0.0.1
    dev: false

  registry.npmjs.org/diff-sequences/26.6.2:
    resolution: {integrity: sha512-Mv/TDa3nZ9sbc5soK+OoA74BsS3mL37yixCvUAQkiuA4Wz6YtwP/K47n2rv2ovzHZvoiQeA5FTQOschKkEwB0Q==, registry: https://node.bit.dev/, tarball: https://registry.npmjs.org/diff-sequences/-/diff-sequences-26.6.2.tgz}
    name: diff-sequences
    version: 26.6.2
    engines: {node: '>= 10.14.2'}
    dev: true

  registry.npmjs.org/emojis-list/3.0.0:
    resolution: {integrity: sha512-/kyM18EfinwXZbno9FyUGeFh87KC8HRQBQGildHZbEuRyWFOmv1U10o9BBp8XVZDVNNuQKyIGIu5ZYAAXJ0V2Q==, registry: https://node.bit.dev/, tarball: https://registry.npmjs.org/emojis-list/-/emojis-list-3.0.0.tgz}
    name: emojis-list
    version: 3.0.0
    engines: {node: '>= 4'}
    dev: false

  registry.npmjs.org/fast-deep-equal/3.1.3:
    resolution: {integrity: sha512-f3qQ9oQy9j2AhBe/H9VC91wLmKBCCU/gDOnKNAYG5hswO7BLKj09Hc5HYNz9cGI++xlpDCIgDaitVs03ATR84Q==, registry: https://node.bit.dev/, tarball: https://registry.npmjs.org/fast-deep-equal/-/fast-deep-equal-3.1.3.tgz}
    name: fast-deep-equal
    version: 3.1.3
    dev: false

  registry.npmjs.org/fast-json-stable-stringify/2.1.0:
    resolution: {integrity: sha512-lhd/wF+Lk98HZoTCtlVraHtfh5XYijIjalXck7saUtuanSDyLMxnHhSXEDJqHxD7msR8D0uCmqlkwjCV8xvwHw==, registry: https://node.bit.dev/, tarball: https://registry.npmjs.org/fast-json-stable-stringify/-/fast-json-stable-stringify-2.1.0.tgz}
    name: fast-json-stable-stringify
    version: 2.1.0
    dev: false

  registry.npmjs.org/foreachasync/3.0.0:
    resolution: {integrity: sha1-VQKYfchxS+M5IJfzLgBxyd7gfPY=, registry: https://node.bit.dev/, tarball: https://registry.npmjs.org/foreachasync/-/foreachasync-3.0.0.tgz}
    name: foreachasync
    version: 3.0.0
    dev: false

  registry.npmjs.org/has-flag/4.0.0:
    resolution: {integrity: sha512-EykJT/Q1KjTWctppgIAgfSO0tKVuZUjhgMr17kqTumMl6Afv3EISleU7qZUzoXDFTAHTDC4NOoG/ZxU3EvlMPQ==, registry: https://node.bit.dev/, tarball: https://registry.npmjs.org/has-flag/-/has-flag-4.0.0.tgz}
    name: has-flag
    version: 4.0.0
    engines: {node: '>=8'}
    dev: true

  registry.npmjs.org/hasha/3.0.0:
    resolution: {integrity: sha1-UqMvq4Vp1BymmmH/GiFPjrfIvTk=, registry: https://node.bit.dev/, tarball: https://registry.npmjs.org/hasha/-/hasha-3.0.0.tgz}
    name: hasha
    version: 3.0.0
    engines: {node: '>=4'}
    dependencies:
      is-stream: registry.npmjs.org/is-stream/1.1.0
    dev: false

  registry.npmjs.org/is-stream/1.1.0:
    resolution: {integrity: sha1-EtSj3U5o4Lec6428hBc66A2RykQ=, registry: https://node.bit.dev/, tarball: https://registry.npmjs.org/is-stream/-/is-stream-1.1.0.tgz}
    name: is-stream
    version: 1.1.0
    engines: {node: '>=0.10.0'}
    dev: false

  registry.npmjs.org/jest-diff/26.6.2:
    resolution: {integrity: sha512-6m+9Z3Gv9wN0WFVasqjCL/06+EFCMTqDEUl/b87HYK2rAPTyfz4ZIuSlPhY51PIQRWx5TaxeF1qmXKe9gfN3sA==, registry: https://node.bit.dev/, tarball: https://registry.npmjs.org/jest-diff/-/jest-diff-26.6.2.tgz}
    name: jest-diff
    version: 26.6.2
    engines: {node: '>= 10.14.2'}
    dependencies:
      chalk: registry.npmjs.org/chalk/4.1.2
      diff-sequences: registry.npmjs.org/diff-sequences/26.6.2
      jest-get-type: registry.npmjs.org/jest-get-type/26.3.0
      pretty-format: registry.npmjs.org/pretty-format/26.6.2
    dev: true

  registry.npmjs.org/jest-get-type/26.3.0:
    resolution: {integrity: sha512-TpfaviN1R2pQWkIihlfEanwOXK0zcxrKEE4MlU6Tn7keoXdN6/3gK/xl0yEh8DOunn5pOVGKf8hB4R9gVh04ig==, registry: https://node.bit.dev/, tarball: https://registry.npmjs.org/jest-get-type/-/jest-get-type-26.3.0.tgz}
    name: jest-get-type
    version: 26.3.0
    engines: {node: '>= 10.14.2'}
    dev: true

  registry.npmjs.org/json-schema-traverse/0.4.1:
    resolution: {integrity: sha512-xbbCH5dCYU5T8LcEhhuh7HJ88HXuW3qsI3Y0zOZFKfZEHcpWiHU/Jxzk629Brsab/mMiHQti9wMP+845RPe3Vg==, registry: https://node.bit.dev/, tarball: https://registry.npmjs.org/json-schema-traverse/-/json-schema-traverse-0.4.1.tgz}
    name: json-schema-traverse
    version: 0.4.1
    dev: false

  registry.npmjs.org/json5/1.0.1:
    resolution: {integrity: sha512-aKS4WQjPenRxiQsC93MNfjx+nbF4PAdYzmd/1JIj8HYzqfbu86beTuNgXDzPknWk0n0uARlyewZo4s++ES36Ow==, registry: https://node.bit.dev/, tarball: https://registry.npmjs.org/json5/-/json5-1.0.1.tgz}
    name: json5
    version: 1.0.1
    hasBin: true
    dependencies:
      minimist: registry.npmjs.org/minimist/1.2.5
    dev: false

  registry.npmjs.org/json5/2.2.0:
    resolution: {integrity: sha512-f+8cldu7X/y7RAJurMEJmdoKXGB/X550w2Nr3tTbezL6RwEE/iMcm+tZnXeoZtKuOq6ft8+CqzEkrIgx1fPoQA==, registry: https://node.bit.dev/, tarball: https://registry.npmjs.org/json5/-/json5-2.2.0.tgz}
    name: json5
    version: 2.2.0
    engines: {node: '>=6'}
    hasBin: true
    dependencies:
      minimist: registry.npmjs.org/minimist/1.2.5
    dev: false

  registry.npmjs.org/loader-utils/1.4.0:
    resolution: {integrity: sha512-qH0WSMBtn/oHuwjy/NucEgbx5dbxxnxup9s4PVXJUDHZBQY+s0NWA9rJf53RBnQZxfch7euUui7hpoAPvALZdA==, registry: https://node.bit.dev/, tarball: https://registry.npmjs.org/loader-utils/-/loader-utils-1.4.0.tgz}
    name: loader-utils
    version: 1.4.0
    engines: {node: '>=4.0.0'}
    dependencies:
      big.js: registry.npmjs.org/big.js/5.2.2
      emojis-list: registry.npmjs.org/emojis-list/3.0.0
      json5: registry.npmjs.org/json5/1.0.1
    dev: false

  registry.npmjs.org/loader-utils/2.0.2:
    resolution: {integrity: sha512-TM57VeHptv569d/GKh6TAYdzKblwDNiumOdkFnejjD0XwTH87K90w3O7AiJRqdQoXygvi1VQTJTLGhJl7WqA7A==, registry: https://node.bit.dev/, tarball: https://registry.npmjs.org/loader-utils/-/loader-utils-2.0.2.tgz}
    name: loader-utils
    version: 2.0.2
    engines: {node: '>=8.9.0'}
    dependencies:
      big.js: registry.npmjs.org/big.js/5.2.2
      emojis-list: registry.npmjs.org/emojis-list/3.0.0
      json5: registry.npmjs.org/json5/2.2.0
    dev: false

  registry.npmjs.org/locutus/2.0.16:
    resolution: {integrity: sha512-pGfl6Hb/1mXLzrX5kl5lH7gz25ey0vwQssZp8Qo2CEF59di6KrAgdFm+0pW8ghLnvNzzJGj5tlWhhv2QbK3jeQ==, registry: https://node.bit.dev/, tarball: https://registry.npmjs.org/locutus/-/locutus-2.0.16.tgz}
    name: locutus
    version: 2.0.16
    engines: {node: '>= 10'}
    dev: false

  registry.npmjs.org/lodash/4.17.21:
    resolution: {integrity: sha512-v2kDEe57lecTulaDIuNTPy3Ry4gLGJ6Z1O3vE1krgXZNrsQ+LFTGHVxVjcXPs17LhbZVGedAJv8XZ1tvj5FvSg==, registry: https://node.bit.dev/, tarball: https://registry.npmjs.org/lodash/-/lodash-4.17.21.tgz}
    name: lodash
    version: 4.17.21
    dev: false

  registry.npmjs.org/minimatch/3.0.8:
    resolution: {integrity: sha512-6FsRAQsxQ61mw+qP1ZzbL9Bc78x2p5OqNgNpnoAFLTrX8n5Kxph0CsnhmKKNXTWjXqU5L0pGPR7hYk+XWZr60Q==, registry: https://node.bit.dev/, tarball: https://registry.npmjs.org/minimatch/-/minimatch-3.0.8.tgz}
    name: minimatch
    version: 3.0.8
    dependencies:
      brace-expansion: registry.npmjs.org/brace-expansion/1.1.11
    dev: false

  registry.npmjs.org/minimist/1.2.5:
    resolution: {integrity: sha512-FM9nNUYrRBAELZQT3xeZQ7fmMOBg6nWNmJKTcgsJeaLstP/UODVpGsr5OhXhhXg6f+qtJ8uiZ+PUxkDWcgIXLw==, registry: https://node.bit.dev/, tarball: https://registry.npmjs.org/minimist/-/minimist-1.2.5.tgz}
    name: minimist
    version: 1.2.5
    dev: false

  registry.npmjs.org/pretty-format/26.6.2:
    resolution: {integrity: sha512-7AeGuCYNGmycyQbCqd/3PWH4eOoX/OiCa0uphp57NVTeAGdJGaAliecxwBDHYQCIvrW7aDBZCYeNTP/WX69mkg==, registry: https://node.bit.dev/, tarball: https://registry.npmjs.org/pretty-format/-/pretty-format-26.6.2.tgz}
    name: pretty-format
    version: 26.6.2
    engines: {node: '>= 10'}
    dependencies:
      '@jest/types': registry.npmjs.org/@jest/types/26.6.2
      ansi-regex: registry.npmjs.org/ansi-regex/5.0.1
      ansi-styles: registry.npmjs.org/ansi-styles/4.3.0
      react-is: registry.npmjs.org/react-is/17.0.2
    dev: true

  registry.npmjs.org/punycode/2.1.1:
    resolution: {integrity: sha512-XRsRjdf+j5ml+y/6GKHPZbrF/8p2Yga0JPtdqTIY2Xe5ohJPD9saDJJLPvp9+NSBprVvevdXZybnj2cv8OEd0A==, registry: https://node.bit.dev/, tarball: https://registry.npmjs.org/punycode/-/punycode-2.1.1.tgz}
    name: punycode
    version: 2.1.1
    engines: {node: '>=6'}
    dev: false

  registry.npmjs.org/raw-loader/4.0.2:
    resolution: {integrity: sha512-ZnScIV3ag9A4wPX/ZayxL/jZH+euYb6FcUinPcgiQW0+UBtEv0O6Q3lGd3cqJ+GHH+rksEv3Pj99oxJ3u3VIKA==, registry: https://node.bit.dev/, tarball: https://registry.npmjs.org/raw-loader/-/raw-loader-4.0.2.tgz}
    name: raw-loader
    version: 4.0.2
    engines: {node: '>= 10.13.0'}
    peerDependencies:
      webpack: ^4.0.0 || ^5.0.0
    dependencies:
      loader-utils: registry.npmjs.org/loader-utils/2.0.2
      schema-utils: registry.npmjs.org/schema-utils/3.1.1
    dev: false

  registry.npmjs.org/react-is/17.0.2:
    resolution: {integrity: sha512-w2GsyukL62IJnlaff/nRegPQR94C/XXamvMWmSHRJ4y7Ts/4ocGRmTHvOs8PSE6pB3dWOrD/nueuU5sduBsQ4w==, registry: https://node.bit.dev/, tarball: https://registry.npmjs.org/react-is/-/react-is-17.0.2.tgz}
    name: react-is
    version: 17.0.2
    dev: true

  registry.npmjs.org/regenerator-runtime/0.13.9:
    resolution: {integrity: sha512-p3VT+cOEgxFsRRA9X4lkI1E+k2/CtnKtU4gcxyaCUreilL/vqI6CdZ3wxVUx3UOUg+gnUOQQcRI7BmSI656MYA==, registry: https://node.bit.dev/, tarball: https://registry.npmjs.org/regenerator-runtime/-/regenerator-runtime-0.13.9.tgz}
    name: regenerator-runtime
    version: 0.13.9
    dev: false

  registry.npmjs.org/schema-utils/0.4.7:
    resolution: {integrity: sha512-v/iwU6wvwGK8HbU9yi3/nhGzP0yGSuhQMzL6ySiec1FSrZZDkhm4noOSWzrNFo/jEc+SJY6jRTwuwbSXJPDUnQ==, registry: https://node.bit.dev/, tarball: https://registry.npmjs.org/schema-utils/-/schema-utils-0.4.7.tgz}
    name: schema-utils
    version: 0.4.7
    engines: {node: '>= 4'}
    dependencies:
      ajv: registry.npmjs.org/ajv/6.12.6
      ajv-keywords: registry.npmjs.org/ajv-keywords/3.5.2_ajv@6.12.6
    dev: false

  registry.npmjs.org/schema-utils/3.1.1:
    resolution: {integrity: sha512-Y5PQxS4ITlC+EahLuXaY86TXfR7Dc5lw294alXOq86JAHCihAIZfqv8nNCWvaEJvaC51uN9hbLGeV0cFBdH+Fw==, registry: https://node.bit.dev/, tarball: https://registry.npmjs.org/schema-utils/-/schema-utils-3.1.1.tgz}
    name: schema-utils
    version: 3.1.1
    engines: {node: '>= 10.13.0'}
    dependencies:
      '@types/json-schema': registry.npmjs.org/@types/json-schema/7.0.9
      ajv: registry.npmjs.org/ajv/6.12.6
      ajv-keywords: registry.npmjs.org/ajv-keywords/3.5.2_ajv@6.12.6
    dev: false

  registry.npmjs.org/supports-color/7.2.0:
    resolution: {integrity: sha512-qpCAvRl9stuOHveKsn7HncJRvv501qIacKzQlO/+Lwxc9+0q2wLyv4Dfvt80/DPn2pqOBsJdDiogXGR9+OvwRw==, registry: https://node.bit.dev/, tarball: https://registry.npmjs.org/supports-color/-/supports-color-7.2.0.tgz}
    name: supports-color
    version: 7.2.0
    engines: {node: '>=8'}
    dependencies:
      has-flag: registry.npmjs.org/has-flag/4.0.0
    dev: true

  registry.npmjs.org/twig-html-loader/0.1.9:
    resolution: {integrity: sha512-fW5TMgYJZdpjDUwcrEWKS4YMs/tLsdq6HCPT+Cbj4RECwP84oSJdzY7tmrdhX4jeojVDBUj3hgOEBivyUGGX2g==, registry: https://node.bit.dev/, tarball: https://registry.npmjs.org/twig-html-loader/-/twig-html-loader-0.1.9.tgz}
    name: twig-html-loader
    version: 0.1.9
    dependencies:
      loader-utils: registry.npmjs.org/loader-utils/1.4.0
      twig: registry.npmjs.org/twig/1.15.4
    dev: false

  registry.npmjs.org/twig-loader/0.5.5:
    resolution: {integrity: sha512-qLIr8Jhnx/Y3Y+0cK3eseyx3s5bUVoawqk0rRsNDZxyGKTFkSGnVvPG3oC1Z4FNeqgLOPazUjyEgqVCm/6H5KQ==, registry: https://node.bit.dev/, tarball: https://registry.npmjs.org/twig-loader/-/twig-loader-0.5.5.tgz}
    name: twig-loader
    version: 0.5.5
    dependencies:
      async: registry.npmjs.org/async/2.6.3
      hasha: registry.npmjs.org/hasha/3.0.0
      loader-utils: registry.npmjs.org/loader-utils/1.4.0
      schema-utils: registry.npmjs.org/schema-utils/0.4.7
      twig: registry.npmjs.org/twig/1.15.4
      underscore: registry.npmjs.org/underscore/1.13.2
    dev: false

  registry.npmjs.org/twig/1.15.4:
    resolution: {integrity: sha512-gRpGrpdf+MswqF6eSjEdYZTa/jt3ZWHK/NU59IbTYJMBQXJ1W+7IxaGEwLkQjd+mNT15j9sQTzQumxUBkuQueQ==, registry: https://node.bit.dev/, tarball: https://registry.npmjs.org/twig/-/twig-1.15.4.tgz}
    name: twig
    version: 1.15.4
    engines: {node: '>=8.16'}
    hasBin: true
    dependencies:
      '@babel/runtime': registry.npmjs.org/@babel/runtime/7.17.2
      locutus: registry.npmjs.org/locutus/2.0.16
      minimatch: registry.npmjs.org/minimatch/3.0.8
      walk: registry.npmjs.org/walk/2.3.15
    dev: false

  registry.npmjs.org/underscore/1.13.2:
    resolution: {integrity: sha512-ekY1NhRzq0B08g4bGuX4wd2jZx5GnKz6mKSqFL4nqBlfyMGiG10gDFhDTMEfYmDL6Jy0FUIZp7wiRB+0BP7J2g==, registry: https://node.bit.dev/, tarball: https://registry.npmjs.org/underscore/-/underscore-1.13.2.tgz}
    name: underscore
    version: 1.13.2
    dev: false

  registry.npmjs.org/uri-js/4.4.1:
    resolution: {integrity: sha512-7rKUyy33Q1yc98pQ1DAmLtwX109F7TIfWlW1Ydo8Wl1ii1SeHieeh0HHfPeL2fMXK6z0s8ecKs9frCuLJvndBg==, registry: https://node.bit.dev/, tarball: https://registry.npmjs.org/uri-js/-/uri-js-4.4.1.tgz}
    name: uri-js
    version: 4.4.1
    dependencies:
      punycode: registry.npmjs.org/punycode/2.1.1
    dev: false

  registry.npmjs.org/walk/2.3.15:
    resolution: {integrity: sha512-4eRTBZljBfIISK1Vnt69Gvr2w/wc3U6Vtrw7qiN5iqYJPH7LElcYh/iU4XWhdCy2dZqv1ToMyYlybDylfG/5Vg==, registry: https://node.bit.dev/, tarball: https://registry.npmjs.org/walk/-/walk-2.3.15.tgz}
    name: walk
    version: 2.3.15
    dependencies:
      foreachasync: registry.npmjs.org/foreachasync/3.0.0
    dev: false
